
Microsoft Visual Studio Solution File, Format Version 12.00
# Visual Studio 2012
Project("{FAE04EC0-301F-11D3-BF4B-00C04F79EFBC}") = "APS_TecArm", "APS_TecArm\APS_TecArm.csproj", "{116B50F2-10EA-4A73-83BF-288AEFBE19BD}"
EndProject
Global
	GlobalSection(SolutionConfigurationPlatforms) = preSolution
		Debug|Any CPU = Debug|Any CPU
		Release|Any CPU = Release|Any CPU
	EndGlobalSection
	GlobalSection(ProjectConfigurationPlatforms) = postSolution
		{116B50F2-10EA-4A73-83BF-288AEFBE19BD}.Debug|Any CPU.ActiveCfg = Debug|Any CPU
		{116B50F2-10EA-4A73-83BF-288AEFBE19BD}.Debug|Any CPU.Build.0 = Debug|Any CPU
		{116B50F2-10EA-4A73-83BF-288AEFBE19BD}.Release|Any CPU.ActiveCfg = Release|Any CPU
		{116B50F2-10EA-4A73-83BF-288AEFBE19BD}.Release|Any CPU.Build.0 = Release|Any CPU
	EndGlobalSection
	GlobalSection(SolutionProperties) = preSolution
		HideSolutionNode = FALSE
	EndGlobalSection
EndGlobal
